// !$*UTF8*$!
{
	archiveVersion = 1;
	classes = {
	};
	objectVersion = 50;
	objects = {

/* Begin PBXBuildFile section */
		4206B9C1224AC162000BE537 /* AppDelegate.swift in Sources */ = {isa = PBXBuildFile; fileRef = 4206B9C0224AC162000BE537 /* AppDelegate.swift */; };
		4206B9C3224AC162000BE537 /* art.scnassets in Resources */ = {isa = PBXBuildFile; fileRef = 4206B9C2224AC162000BE537 /* art.scnassets */; };
		4206B9C5224AC162000BE537 /* ViewController.swift in Sources */ = {isa = PBXBuildFile; fileRef = 4206B9C4224AC162000BE537 /* ViewController.swift */; };
		4206B9C8224AC162000BE537 /* Main.storyboard in Resources */ = {isa = PBXBuildFile; fileRef = 4206B9C6224AC162000BE537 /* Main.storyboard */; };
		4206B9CA224AC164000BE537 /* Assets.xcassets in Resources */ = {isa = PBXBuildFile; fileRef = 4206B9C9224AC164000BE537 /* Assets.xcassets */; };
		4206B9CD224AC164000BE537 /* LaunchScreen.storyboard in Resources */ = {isa = PBXBuildFile; fileRef = 4206B9CB224AC164000BE537 /* LaunchScreen.storyboard */; };
		4206B9D5224AC1F0000BE537 /* CarPoseModel.mlmodel in Sources */ = {isa = PBXBuildFile; fileRef = 4206B9D4224AC1EF000BE537 /* CarPoseModel.mlmodel */; };
		4206B9DB224AC393000BE537 /* PoseUtils.mm in Sources */ = {isa = PBXBuildFile; fileRef = 4206B9DA224AC393000BE537 /* PoseUtils.mm */; };
		4206B9DF224AC4EE000BE537 /* opencv2.framework in Frameworks */ = {isa = PBXBuildFile; fileRef = 4206B9DE224AC4EE000BE537 /* opencv2.framework */; };
		4206B9E1224AC5C9000BE537 /* CarPoseDetector.swift in Sources */ = {isa = PBXBuildFile; fileRef = 4206B9E0224AC5C9000BE537 /* CarPoseDetector.swift */; };
		4206B9E3224AC711000BE537 /* car_points.json in Resources */ = {isa = PBXBuildFile; fileRef = 4206B9E2224AC711000BE537 /* car_points.json */; };
		4206B9E5224ACE6C000BE537 /* SCNVector3+Extensions.swift in Sources */ = {isa = PBXBuildFile; fileRef = 4206B9E4224ACE6C000BE537 /* SCNVector3+Extensions.swift */; };
/* End PBXBuildFile section */

/* Begin PBXFileReference section */
		4206B9BD224AC162000BE537 /* CarPoseDemo.app */ = {isa = PBXFileReference; explicitFileType = wrapper.application; includeInIndex = 0; path = CarPoseDemo.app; sourceTree = BUILT_PRODUCTS_DIR; };
		4206B9C0224AC162000BE537 /* AppDelegate.swift */ = {isa = PBXFileReference; lastKnownFileType = sourcecode.swift; path = AppDelegate.swift; sourceTree = "<group>"; };
		4206B9C2224AC162000BE537 /* art.scnassets */ = {isa = PBXFileReference; lastKnownFileType = wrapper.scnassets; path = art.scnassets; sourceTree = "<group>"; };
		4206B9C4224AC162000BE537 /* ViewController.swift */ = {isa = PBXFileReference; lastKnownFileType = sourcecode.swift; path = ViewController.swift; sourceTree = "<group>"; };
		4206B9C7224AC162000BE537 /* Base */ = {isa = PBXFileReference; lastKnownFileType = file.storyboard; name = Base; path = Base.lproj/Main.storyboard; sourceTree = "<group>"; };
		4206B9C9224AC164000BE537 /* Assets.xcassets */ = {isa = PBXFileReference; lastKnownFileType = folder.assetcatalog; path = Assets.xcassets; sourceTree = "<group>"; };
		4206B9CC224AC164000BE537 /* Base */ = {isa = PBXFileReference; lastKnownFileType = file.storyboard; name = Base; path = Base.lproj/LaunchScreen.storyboard; sourceTree = "<group>"; };
		4206B9CE224AC164000BE537 /* Info.plist */ = {isa = PBXFileReference; lastKnownFileType = text.plist.xml; path = Info.plist; sourceTree = "<group>"; };
		4206B9D4224AC1EF000BE537 /* CarPoseModel.mlmodel */ = {isa = PBXFileReference; lastKnownFileType = file.mlmodel; path = CarPoseModel.mlmodel; sourceTree = "<group>"; };
		4206B9D6224AC372000BE537 /* CarPoseDemo-Bridging-Header.h */ = {isa = PBXFileReference; lastKnownFileType = sourcecode.c.h; path = "CarPoseDemo-Bridging-Header.h"; sourceTree = "<group>"; };
		4206B9D9224AC393000BE537 /* PoseUtils.h */ = {isa = PBXFileReference; lastKnownFileType = sourcecode.c.h; path = PoseUtils.h; sourceTree = "<group>"; };
		4206B9DA224AC393000BE537 /* PoseUtils.mm */ = {isa = PBXFileReference; lastKnownFileType = sourcecode.cpp.objcpp; path = PoseUtils.mm; sourceTree = "<group>"; };
		4206B9DE224AC4EE000BE537 /* opencv2.framework */ = {isa = PBXFileReference; lastKnownFileType = wrapper.framework; path = opencv2.framework; sourceTree = "<group>"; };
		4206B9E0224AC5C9000BE537 /* CarPoseDetector.swift */ = {isa = PBXFileReference; lastKnownFileType = sourcecode.swift; path = CarPoseDetector.swift; sourceTree = "<group>"; };
		4206B9E2224AC711000BE537 /* car_points.json */ = {isa = PBXFileReference; fileEncoding = 4; lastKnownFileType = text.json; path = car_points.json; sourceTree = "<group>"; };
		4206B9E4224ACE6C000BE537 /* SCNVector3+Extensions.swift */ = {isa = PBXFileReference; fileEncoding = 4; lastKnownFileType = sourcecode.swift; path = "SCNVector3+Extensions.swift"; sourceTree = "<group>"; };
/* End PBXFileReference section */

/* Begin PBXFrameworksBuildPhase section */
		4206B9BA224AC162000BE537 /* Frameworks */ = {
			isa = PBXFrameworksBuildPhase;
			buildActionMask = 2147483647;
			files = (
				4206B9DF224AC4EE000BE537 /* opencv2.framework in Frameworks */,
			);
			runOnlyForDeploymentPostprocessing = 0;
		};
/* End PBXFrameworksBuildPhase section */

/* Begin PBXGroup section */
		4206B9B4224AC162000BE537 = {
			isa = PBXGroup;
			children = (
				4206B9BF224AC162000BE537 /* CarPoseDemo */,
				4206B9DD224AC4CF000BE537 /* Frameworks */,
				4206B9BE224AC162000BE537 /* Products */,
			);
			sourceTree = "<group>";
		};
		4206B9BE224AC162000BE537 /* Products */ = {
			isa = PBXGroup;
			children = (
				4206B9BD224AC162000BE537 /* CarPoseDemo.app */,
			);
			name = Products;
			sourceTree = "<group>";
		};
		4206B9BF224AC162000BE537 /* CarPoseDemo */ = {
			isa = PBXGroup;
			children = (
				4206B9C0224AC162000BE537 /* AppDelegate.swift */,
				4206B9C2224AC162000BE537 /* art.scnassets */,
				4206B9C4224AC162000BE537 /* ViewController.swift */,
				4206B9D4224AC1EF000BE537 /* CarPoseModel.mlmodel */,
				4206B9C6224AC162000BE537 /* Main.storyboard */,
				4206B9E0224AC5C9000BE537 /* CarPoseDetector.swift */,
				4206B9DA224AC393000BE537 /* PoseUtils.mm */,
				4206B9D9224AC393000BE537 /* PoseUtils.h */,
				4206B9E4224ACE6C000BE537 /* SCNVector3+Extensions.swift */,
				4206B9E2224AC711000BE537 /* car_points.json */,
				4206B9C9224AC164000BE537 /* Assets.xcassets */,
				4206B9CB224AC164000BE537 /* LaunchScreen.storyboard */,
				4206B9CE224AC164000BE537 /* Info.plist */,
				4206B9D6224AC372000BE537 /* CarPoseDemo-Bridging-Header.h */,
			);
			path = CarPoseDemo;
			sourceTree = "<group>";
		};
		4206B9DD224AC4CF000BE537 /* Frameworks */ = {
			isa = PBXGroup;
			children = (
				4206B9DE224AC4EE000BE537 /* opencv2.framework */,
			);
			path = Frameworks;
			sourceTree = "<group>";
		};
/* End PBXGroup section */

/* Begin PBXNativeTarget section */
		4206B9BC224AC162000BE537 /* CarPoseDemo */ = {
			isa = PBXNativeTarget;
			buildConfigurationList = 4206B9D1224AC164000BE537 /* Build configuration list for PBXNativeTarget "CarPoseDemo" */;
			buildPhases = (
				4206B9B9224AC162000BE537 /* Sources */,
				4206B9BA224AC162000BE537 /* Frameworks */,
				4206B9BB224AC162000BE537 /* Resources */,
			);
			buildRules = (
			);
			dependencies = (
			);
			name = CarPoseDemo;
			productName = CarPoseDemo;
			productReference = 4206B9BD224AC162000BE537 /* CarPoseDemo.app */;
			productType = "com.apple.product-type.application";
		};
/* End PBXNativeTarget section */

/* Begin PBXProject section */
		4206B9B5224AC162000BE537 /* Project object */ = {
			isa = PBXProject;
			attributes = {
				LastSwiftUpdateCheck = 1020;
				LastUpgradeCheck = 1020;
				ORGANIZATIONNAME = "Laan Labs";
				TargetAttributes = {
					4206B9BC224AC162000BE537 = {
						CreatedOnToolsVersion = 10.2;
						LastSwiftMigration = 1020;
					};
				};
			};
			buildConfigurationList = 4206B9B8224AC162000BE537 /* Build configuration list for PBXProject "CarPoseDemo" */;
			compatibilityVersion = "Xcode 9.3";
			developmentRegion = en;
			hasScannedForEncodings = 0;
			knownRegions = (
				en,
				Base,
			);
			mainGroup = 4206B9B4224AC162000BE537;
			productRefGroup = 4206B9BE224AC162000BE537 /* Products */;
			projectDirPath = "";
			projectRoot = "";
			targets = (
				4206B9BC224AC162000BE537 /* CarPoseDemo */,
			);
		};
/* End PBXProject section */

/* Begin PBXResourcesBuildPhase section */
		4206B9BB224AC162000BE537 /* Resources */ = {
			isa = PBXResourcesBuildPhase;
			buildActionMask = 2147483647;
			files = (
				4206B9C3224AC162000BE537 /* art.scnassets in Resources */,
				4206B9E3224AC711000BE537 /* car_points.json in Resources */,
				4206B9CD224AC164000BE537 /* LaunchScreen.storyboard in Resources */,
				4206B9CA224AC164000BE537 /* Assets.xcassets in Resources */,
				4206B9C8224AC162000BE537 /* Main.storyboard in Resources */,
			);
			runOnlyForDeploymentPostprocessing = 0;
		};
/* End PBXResourcesBuildPhase section */

/* Begin PBXSourcesBuildPhase section */
		4206B9B9224AC162000BE537 /* Sources */ = {
			isa = PBXSourcesBuildPhase;
			buildActionMask = 2147483647;
			files = (
				4206B9D5224AC1F0000BE537 /* CarPoseModel.mlmodel in Sources */,
				4206B9E5224ACE6C000BE537 /* SCNVector3+Extensions.swift in Sources */,
				4206B9C5224AC162000BE537 /* ViewController.swift in Sources */,
				4206B9DB224AC393000BE537 /* PoseUtils.mm in Sources */,
				4206B9C1224AC162000BE537 /* AppDelegate.swift in Sources */,
				4206B9E1224AC5C9000BE537 /* CarPoseDetector.swift in Sources */,
			);
			runOnlyForDeploymentPostprocessing = 0;
		};
/* End PBXSourcesBuildPhase section */

/* Begin PBXVariantGroup section */
		4206B9C6224AC162000BE537 /* Main.storyboard */ = {
			isa = PBXVariantGroup;
			children = (
				4206B9C7224AC162000BE537 /* Base */,
			);
			name = Main.storyboard;
			sourceTree = "<group>";
		};
		4206B9CB224AC164000BE537 /* LaunchScreen.storyboard */ = {
			isa = PBXVariantGroup;
			children = (
				4206B9CC224AC164000BE537 /* Base */,
			);
			name = LaunchScreen.storyboard;
			sourceTree = "<group>";
		};
/* End PBXVariantGroup section */

/* Begin XCBuildConfiguration section */
		4206B9CF224AC164000BE537 /* Debug */ = {
			isa = XCBuildConfiguration;
			buildSettings = {
				ALWAYS_SEARCH_USER_PATHS = NO;
				CLANG_ANALYZER_NONNULL = YES;
				CLANG_ANALYZER_NUMBER_OBJECT_CONVERSION = YES_AGGRESSIVE;
				CLANG_CXX_LANGUAGE_STANDARD = "gnu++14";
				CLANG_CXX_LIBRARY = "libc++";
				CLANG_ENABLE_MODULES = YES;
				CLANG_ENABLE_OBJC_ARC = YES;
				CLANG_ENABLE_OBJC_WEAK = YES;
				CLANG_WARN_BLOCK_CAPTURE_AUTORELEASING = YES;
				CLANG_WARN_BOOL_CONVERSION = YES;
				CLANG_WARN_COMMA = YES;
				CLANG_WARN_CONSTANT_CONVERSION = YES;
				CLANG_WARN_DEPRECATED_OBJC_IMPLEMENTATIONS = YES;
				CLANG_WARN_DIRECT_OBJC_ISA_USAGE = YES_ERROR;
				CLANG_WARN_DOCUMENTATION_COMMENTS = YES;
				CLANG_WARN_EMPTY_BODY = YES;
				CLANG_WARN_ENUM_CONVERSION = YES;
				CLANG_WARN_INFINITE_RECURSION = YES;
				CLANG_WARN_INT_CONVERSION = YES;
				CLANG_WARN_NON_LITERAL_NULL_CONVERSION = YES;
				CLANG_WARN_OBJC_IMPLICIT_RETAIN_SELF = YES;
				CLANG_WARN_OBJC_LITERAL_CONVERSION = YES;
				CLANG_WARN_OBJC_ROOT_CLASS = YES_ERROR;
				CLANG_WARN_RANGE_LOOP_ANALYSIS = YES;
				CLANG_WARN_STRICT_PROTOTYPES = YES;
				CLANG_WARN_SUSPICIOUS_MOVE = YES;
				CLANG_WARN_UNGUARDED_AVAILABILITY = YES_AGGRESSIVE;
				CLANG_WARN_UNREACHABLE_CODE = YES;
				CLANG_WARN__DUPLICATE_METHOD_MATCH = YES;
				CODE_SIGN_IDENTITY = "iPhone Developer";
				COPY_PHASE_STRIP = NO;
				DEBUG_INFORMATION_FORMAT = dwarf;
				ENABLE_STRICT_OBJC_MSGSEND = YES;
				ENABLE_TESTABILITY = YES;
				GCC_C_LANGUAGE_STANDARD = gnu11;
				GCC_DYNAMIC_NO_PIC = NO;
				GCC_NO_COMMON_BLOCKS = YES;
				GCC_OPTIMIZATION_LEVEL = 0;
				GCC_PREPROCESSOR_DEFINITIONS = (
					"DEBUG=1",
					"$(inherited)",
				);
				GCC_WARN_64_TO_32_BIT_CONVERSION = YES;
				GCC_WARN_ABOUT_RETURN_TYPE = YES_ERROR;
				GCC_WARN_UNDECLARED_SELECTOR = YES;
				GCC_WARN_UNINITIALIZED_AUTOS = YES_AGGRESSIVE;
				GCC_WARN_UNUSED_FUNCTION = YES;
				GCC_WARN_UNUSED_VARIABLE = YES;
				IPHONEOS_DEPLOYMENT_TARGET = 12.2;
				MTL_ENABLE_DEBUG_INFO = INCLUDE_SOURCE;
				MTL_FAST_MATH = YES;
				ONLY_ACTIVE_ARCH = YES;
				SDKROOT = iphoneos;
				SWIFT_ACTIVE_COMPILATION_CONDITIONS = DEBUG;
				SWIFT_OPTIMIZATION_LEVEL = "-Onone";
			};
			name = Debug;
		};
		4206B9D0224AC164000BE537 /* Release */ = {
			isa = XCBuildConfiguration;
			buildSettings = {
				ALWAYS_SEARCH_USER_PATHS = NO;
				CLANG_ANALYZER_NONNULL = YES;
				CLANG_ANALYZER_NUMBER_OBJECT_CONVERSION = YES_AGGRESSIVE;
				CLANG_CXX_LANGUAGE_STANDARD = "gnu++14";
				CLANG_CXX_LIBRARY = "libc++";
				CLANG_ENABLE_MODULES = YES;
				CLANG_ENABLE_OBJC_ARC = YES;
				CLANG_ENABLE_OBJC_WEAK = YES;
				CLANG_WARN_BLOCK_CAPTURE_AUTORELEASING = YES;
				CLANG_WARN_BOOL_CONVERSION = YES;
				CLANG_WARN_COMMA = YES;
				CLANG_WARN_CONSTANT_CONVERSION = YES;
				CLANG_WARN_DEPRECATED_OBJC_IMPLEMENTATIONS = YES;
				CLANG_WARN_DIRECT_OBJC_ISA_USAGE = YES_ERROR;
				CLANG_WARN_DOCUMENTATION_COMMENTS = YES;
				CLANG_WARN_EMPTY_BODY = YES;
				CLANG_WARN_ENUM_CONVERSION = YES;
				CLANG_WARN_INFINITE_RECURSION = YES;
				CLANG_WARN_INT_CONVERSION = YES;
				CLANG_WARN_NON_LITERAL_NULL_CONVERSION = YES;
				CLANG_WARN_OBJC_IMPLICIT_RETAIN_SELF = YES;
				CLANG_WARN_OBJC_LITERAL_CONVERSION = YES;
				CLANG_WARN_OBJC_ROOT_CLASS = YES_ERROR;
				CLANG_WARN_RANGE_LOOP_ANALYSIS = YES;
				CLANG_WARN_STRICT_PROTOTYPES = YES;
				CLANG_WARN_SUSPICIOUS_MOVE = YES;
				CLANG_WARN_UNGUARDED_AVAILABILITY = YES_AGGRESSIVE;
				CLANG_WARN_UNREACHABLE_CODE = YES;
				CLANG_WARN__DUPLICATE_METHOD_MATCH = YES;
				CODE_SIGN_IDENTITY = "iPhone Developer";
				COPY_PHASE_STRIP = NO;
				DEBUG_INFORMATION_FORMAT = "dwarf-with-dsym";
				ENABLE_NS_ASSERTIONS = NO;
				ENABLE_STRICT_OBJC_MSGSEND = YES;
				GCC_C_LANGUAGE_STANDARD = gnu11;
				GCC_NO_COMMON_BLOCKS = YES;
				GCC_WARN_64_TO_32_BIT_CONVERSION = YES;
				GCC_WARN_ABOUT_RETURN_TYPE = YES_ERROR;
				GCC_WARN_UNDECLARED_SELECTOR = YES;
				GCC_WARN_UNINITIALIZED_AUTOS = YES_AGGRESSIVE;
				GCC_WARN_UNUSED_FUNCTION = YES;
				GCC_WARN_UNUSED_VARIABLE = YES;
				IPHONEOS_DEPLOYMENT_TARGET = 12.2;
				MTL_ENABLE_DEBUG_INFO = NO;
				MTL_FAST_MATH = YES;
				SDKROOT = iphoneos;
				SWIFT_COMPILATION_MODE = wholemodule;
				SWIFT_OPTIMIZATION_LEVEL = "-O";
				VALIDATE_PRODUCT = YES;
			};
			name = Release;
		};
		4206B9D2224AC164000BE537 /* Debug */ = {
			isa = XCBuildConfiguration;
			buildSettings = {
				ASSETCATALOG_COMPILER_APPICON_NAME = AppIcon;
				CLANG_ENABLE_MODULES = YES;
				CODE_SIGN_STYLE = Automatic;
				DEVELOPMENT_TEAM = 34FWY7G2HB;
				FRAMEWORK_SEARCH_PATHS = (
					"$(inherited)",
					"$(PROJECT_DIR)/Frameworks",
				);
				INFOPLIST_FILE = CarPoseDemo/Info.plist;
				LD_RUNPATH_SEARCH_PATHS = (
					"$(inherited)",
					"@executable_path/Frameworks",
				);
				PRODUCT_BUNDLE_IDENTIFIER = labs.laan.CarPoseDemo;
				PRODUCT_NAME = "$(TARGET_NAME)";
				SWIFT_OBJC_BRIDGING_HEADER = "CarPoseDemo/CarPoseDemo-Bridging-Header.h";
				SWIFT_OPTIMIZATION_LEVEL = "-Onone";
				SWIFT_VERSION = 5.0;
				TARGETED_DEVICE_FAMILY = "1,2";
			};
			name = Debug;
		};
		4206B9D3224AC164000BE537 /* Release */ = {
			isa = XCBuildConfiguration;
			buildSettings = {
				ASSETCATALOG_COMPILER_APPICON_NAME = AppIcon;
				CLANG_ENABLE_MODULES = YES;
				CODE_SIGN_STYLE = Automatic;
				DEVELOPMENT_TEAM = 34FWY7G2HB;
				FRAMEWORK_SEARCH_PATHS = (
					"$(inherited)",
					"$(PROJECT_DIR)/Frameworks",
				);
				INFOPLIST_FILE = CarPoseDemo/Info.plist;
				LD_RUNPATH_SEARCH_PATHS = (
					"$(inherited)",
					"@executable_path/Frameworks",
				);
				PRODUCT_BUNDLE_IDENTIFIER = labs.laan.CarPoseDemo;
				PRODUCT_NAME = "$(TARGET_NAME)";
				SWIFT_OBJC_BRIDGING_HEADER = "CarPoseDemo/CarPoseDemo-Bridging-Header.h";
				SWIFT_VERSION = 5.0;
				TARGETED_DEVICE_FAMILY = "1,2";
			};
			name = Release;
		};
/* End XCBuildConfiguration section */

/* Begin XCConfigurationList section */
		4206B9B8224AC162000BE537 /* Build configuration list for PBXProject "CarPoseDemo" */ = {
			isa = XCConfigurationList;
			buildConfigurations = (
				4206B9CF224AC164000BE537 /* Debug */,
				4206B9D0224AC164000BE537 /* Release */,
			);
			defaultConfigurationIsVisible = 0;
			defaultConfigurationName = Release;
		};
		4206B9D1224AC164000BE537 /* Build configuration list for PBXNativeTarget "CarPoseDemo" */ = {
			isa = XCConfigurationList;
			buildConfigurations = (
				4206B9D2224AC164000BE537 /* Debug */,
				4206B9D3224AC164000BE537 /* Release */,
			);
			defaultConfigurationIsVisible = 0;
			defaultConfigurationName = Release;
		};
/* End XCConfigurationList section */
	};
	rootObject = 4206B9B5224AC162000BE537 /* Project object */;
}
